{
    "name": "dcl-project",
    "version": "1.0.0",
    "lockfileVersion": 2,
    "requires": true,
    "packages": {
        "": {
            "name": "dcl-project",
            "version": "1.0.0",
            "bundleDependencies": [
                "@dcl/crypto-scene-utils",
                "@dcl/ecs-scene-utils",
                "@dcl/ui-scene-utils",
                "eth-connect",
                "llx-test-library-2"
            ],
            "dependencies": {
                "@dcl/crypto-scene-utils": "^1.1.1",
                "@dcl/ecs-scene-utils": "^1.6.1",
                "@dcl/ui-scene-utils": "^1.8.0",
                "eth-connect": "^5.0.0",
                "llx-test-library-2": "^0.0.2"
            },
            "devDependencies": {
                "decentraland-ecs": "latest"
            }
        },
        "node_modules/@dcl/crypto-scene-utils": {
            "version": "1.1.1",
            "resolved": "https://registry.npmjs.org/@dcl/crypto-scene-utils/-/crypto-scene-utils-1.1.1.tgz",
            "integrity": "sha512-SkFCN027n+Gpvwp6wSGOL0GA1R/kc6YqnaDaGs511rgUZzTEGtNjJPTDxQi5jgbKk4L3LihbtaGQV/sqRUIHow==",
            "bundleDependencies": [
                "eth-connect",
                "@dcl/ecs-scene-utils"
            ],
            "inBundle": true,
            "dependencies": {
                "@dcl/ecs-scene-utils": "^1.6.1",
                "eth-connect": "*"
            }
        },
        "node_modules/@dcl/crypto-scene-utils/node_modules/@dcl/ecs-scene-utils": {
            "version": "1.6.1",
            "resolved": "https://registry.npmjs.org/@dcl/ecs-scene-utils/-/ecs-scene-utils-1.6.1.tgz",
            "integrity": "sha512-HA7cwPspgLsx5+YulrimHU4wl7sZaX8DNfCwHBn3g4m0w6vzyy9GgWme+yLUqexUIedGkuhu+nNiWH2fZk4CNQ==",
            "inBundle": true,
            "license": "Apache-2.0"
        },
        "node_modules/@dcl/crypto-scene-utils/node_modules/eth-connect": {
            "version": "5.0.0",
            "resolved": "https://registry.npmjs.org/eth-connect/-/eth-connect-5.0.0.tgz",
            "integrity": "sha512-8kOaCzNicJPMcEvB1822wdbsFaKSJm7hKOdhBZIFcqjQIKDwrqGkPUqcKdYCAohOpIUc1ymd8mxxK6L1q0t3dQ==",
            "inBundle": true,
            "license": "LGPL-3.0"
        },
        "node_modules/@dcl/ecs-scene-utils": {
            "version": "1.6.1",
            "resolved": "https://registry.npmjs.org/@dcl/ecs-scene-utils/-/ecs-scene-utils-1.6.1.tgz",
            "integrity": "sha512-HA7cwPspgLsx5+YulrimHU4wl7sZaX8DNfCwHBn3g4m0w6vzyy9GgWme+yLUqexUIedGkuhu+nNiWH2fZk4CNQ==",
            "inBundle": true
        },
        "node_modules/@dcl/ui-scene-utils": {
            "version": "1.8.0",
            "resolved": "https://registry.npmjs.org/@dcl/ui-scene-utils/-/ui-scene-utils-1.8.0.tgz",
            "integrity": "sha512-hZV4bvhIdbB/Lxpdi5oCrjyEwtefzKPtwTfoQ3x4KlDKb4JhGAkVOSeCrT39/2TtLxRcOx5Yn/+MrLeuPIw1Ag==",
            "inBundle": true
        },
        "node_modules/buffer-from": {
            "version": "1.1.1",
            "resolved": "https://registry.npmjs.org/buffer-from/-/buffer-from-1.1.1.tgz",
            "integrity": "sha512-MQcXEUbCKtEo7bhqEs6560Hyd4XaovZlO/k9V3hjVUF/zwW7KBVdSK4gIt/bzwS9MbR5qob+F5jusZsb0YQK2A==",
            "dev": true
        },
        "node_modules/commander": {
            "version": "2.20.3",
            "resolved": "https://registry.npmjs.org/commander/-/commander-2.20.3.tgz",
            "integrity": "sha512-GpVkmM8vF2vQUkj2LvZmD35JxeJOLCwJ9cUkugyk2nuhbv3+mJvpLYYt+0+USMxE+oj+ey/lJEnhZw75x/OMcQ==",
            "dev": true
        },
        "node_modules/decentraland-ecs": {
            "version": "6.6.4",
            "resolved": "https://registry.npmjs.org/decentraland-ecs/-/decentraland-ecs-6.6.4.tgz",
            "integrity": "sha512-3yvde383GEURkj5tzBLK4SvcE2INd0XfNHfUwxd64WdO27UT5R58Ug9CcTLrx13oCbkRo+05ercprcNnwpC5lw==",
            "dev": true,
            "dependencies": {
                "terser": "^5.2.1",
                "typescript": "^4.0.2"
            },
            "bin": {
                "build-ecs": "artifacts/build-ecs.js"
            }
        },
        "node_modules/eth-connect": {
            "version": "5.0.0",
            "resolved": "https://registry.npmjs.org/eth-connect/-/eth-connect-5.0.0.tgz",
            "integrity": "sha512-8kOaCzNicJPMcEvB1822wdbsFaKSJm7hKOdhBZIFcqjQIKDwrqGkPUqcKdYCAohOpIUc1ymd8mxxK6L1q0t3dQ==",
            "inBundle": true
        },
        "node_modules/llx-test-library-2": {
            "version": "0.0.2",
            "resolved": "https://registry.npmjs.org/llx-test-library-2/-/llx-test-library-2-0.0.2.tgz",
            "integrity": "sha512-jQUhK5J+XwVIMAW2ExddsOOUmMOiSlR+2tvevF0cSDeZGiQKONga8xR2Us0uOxI/nUDvQHVzoJ78LVQCndkWig==",
            "inBundle": true
        },
        "node_modules/source-map": {
            "version": "0.7.3",
            "resolved": "https://registry.npmjs.org/source-map/-/source-map-0.7.3.tgz",
            "integrity": "sha512-CkCj6giN3S+n9qrYiBTX5gystlENnRW5jZeNLHpe6aue+SrHcG5VYwujhW9s4dY31mEGsxBDrHR6oI69fTXsaQ==",
            "dev": true,
            "engines": {
                "node": ">= 8"
            }
        },
        "node_modules/source-map-support": {
            "version": "0.5.19",
            "resolved": "https://registry.npmjs.org/source-map-support/-/source-map-support-0.5.19.tgz",
            "integrity": "sha512-Wonm7zOCIJzBGQdB+thsPar0kYuCIzYvxZwlBa87yi/Mdjv7Tip2cyVbLj5o0cFPN4EVkuTwb3GDDyUx2DGnGw==",
            "dev": true,
            "dependencies": {
                "buffer-from": "^1.0.0",
                "source-map": "^0.6.0"
            }
        },
        "node_modules/source-map-support/node_modules/source-map": {
            "version": "0.6.1",
            "resolved": "https://registry.npmjs.org/source-map/-/source-map-0.6.1.tgz",
            "integrity": "sha512-UjgapumWlbMhkBgzT7Ykc5YXUT46F0iKu8SGXq0bcwP5dz/h0Plj6enJqjz1Zbq2l5WaqYnrVbwWOWMyF3F47g==",
            "dev": true,
            "engines": {
                "node": ">=0.10.0"
            }
        },
        "node_modules/terser": {
            "version": "5.7.0",
            "resolved": "https://registry.npmjs.org/terser/-/terser-5.7.0.tgz",
            "integrity": "sha512-HP5/9hp2UaZt5fYkuhNBR8YyRcT8juw8+uFbAme53iN9hblvKnLUTKkmwJG6ocWpIKf8UK4DoeWG4ty0J6S6/g==",
            "dev": true,
            "dependencies": {
                "commander": "^2.20.0",
                "source-map": "~0.7.2",
                "source-map-support": "~0.5.19"
            },
            "bin": {
                "terser": "bin/terser"
            },
            "engines": {
                "node": ">=10"
            }
        },
        "node_modules/typescript": {
            "version": "4.2.4",
            "resolved": "https://registry.npmjs.org/typescript/-/typescript-4.2.4.tgz",
            "integrity": "sha512-V+evlYHZnQkaz8TRBuxTA92yZBPotr5H+WhQ7bD3hZUndx5tGOa1fuCgeSjxAzM1RiN5IzvadIXTVefuuwZCRg==",
            "dev": true,
            "bin": {
                "tsc": "bin/tsc",
                "tsserver": "bin/tsserver"
            },
            "engines": {
                "node": ">=4.2.0"
            }
        }
    },
    "dependencies": {
        "@dcl/crypto-scene-utils": {
            "version": "1.1.1",
            "resolved": "https://registry.npmjs.org/@dcl/crypto-scene-utils/-/crypto-scene-utils-1.1.1.tgz",
            "integrity": "sha512-SkFCN027n+Gpvwp6wSGOL0GA1R/kc6YqnaDaGs511rgUZzTEGtNjJPTDxQi5jgbKk4L3LihbtaGQV/sqRUIHow==",
            "requires": {
                "@dcl/ecs-scene-utils": "^1.6.1",
                "eth-connect": "*"
            },
            "dependencies": {
                "@dcl/ecs-scene-utils": {
                    "version": "1.6.1",
                    "resolved": "https://registry.npmjs.org/@dcl/ecs-scene-utils/-/ecs-scene-utils-1.6.1.tgz",
                    "integrity": "sha512-HA7cwPspgLsx5+YulrimHU4wl7sZaX8DNfCwHBn3g4m0w6vzyy9GgWme+yLUqexUIedGkuhu+nNiWH2fZk4CNQ=="
                },
                "eth-connect": {
                    "version": "5.0.0",
                    "resolved": "https://registry.npmjs.org/eth-connect/-/eth-connect-5.0.0.tgz",
                    "integrity": "sha512-8kOaCzNicJPMcEvB1822wdbsFaKSJm7hKOdhBZIFcqjQIKDwrqGkPUqcKdYCAohOpIUc1ymd8mxxK6L1q0t3dQ=="
                }
            }
        },
        "@dcl/ecs-scene-utils": {
            "version": "1.6.1",
            "resolved": "https://registry.npmjs.org/@dcl/ecs-scene-utils/-/ecs-scene-utils-1.6.1.tgz",
            "integrity": "sha512-HA7cwPspgLsx5+YulrimHU4wl7sZaX8DNfCwHBn3g4m0w6vzyy9GgWme+yLUqexUIedGkuhu+nNiWH2fZk4CNQ=="
        },
        "@dcl/ui-scene-utils": {
            "version": "1.8.0",
            "resolved": "https://registry.npmjs.org/@dcl/ui-scene-utils/-/ui-scene-utils-1.8.0.tgz",
            "integrity": "sha512-hZV4bvhIdbB/Lxpdi5oCrjyEwtefzKPtwTfoQ3x4KlDKb4JhGAkVOSeCrT39/2TtLxRcOx5Yn/+MrLeuPIw1Ag=="
        },
        "buffer-from": {
            "version": "1.1.1",
            "resolved": "https://registry.npmjs.org/buffer-from/-/buffer-from-1.1.1.tgz",
            "integrity": "sha512-MQcXEUbCKtEo7bhqEs6560Hyd4XaovZlO/k9V3hjVUF/zwW7KBVdSK4gIt/bzwS9MbR5qob+F5jusZsb0YQK2A==",
            "dev": true
        },
        "commander": {
            "version": "2.20.3",
            "resolved": "https://registry.npmjs.org/commander/-/commander-2.20.3.tgz",
            "integrity": "sha512-GpVkmM8vF2vQUkj2LvZmD35JxeJOLCwJ9cUkugyk2nuhbv3+mJvpLYYt+0+USMxE+oj+ey/lJEnhZw75x/OMcQ==",
            "dev": true
        },
        "decentraland-ecs": {
            "version": "6.6.4",
            "resolved": "https://registry.npmjs.org/decentraland-ecs/-/decentraland-ecs-6.6.4.tgz",
            "integrity": "sha512-3yvde383GEURkj5tzBLK4SvcE2INd0XfNHfUwxd64WdO27UT5R58Ug9CcTLrx13oCbkRo+05ercprcNnwpC5lw==",
            "dev": true,
            "requires": {
                "terser": "^5.2.1",
                "typescript": "^4.0.2"
            }
        },
        "eth-connect": {
            "version": "5.0.0",
            "resolved": "https://registry.npmjs.org/eth-connect/-/eth-connect-5.0.0.tgz",
            "integrity": "sha512-8kOaCzNicJPMcEvB1822wdbsFaKSJm7hKOdhBZIFcqjQIKDwrqGkPUqcKdYCAohOpIUc1ymd8mxxK6L1q0t3dQ=="
        },
        "llx-test-library-2": {
            "version": "0.0.2",
            "resolved": "https://registry.npmjs.org/llx-test-library-2/-/llx-test-library-2-0.0.2.tgz",
            "integrity": "sha512-jQUhK5J+XwVIMAW2ExddsOOUmMOiSlR+2tvevF0cSDeZGiQKONga8xR2Us0uOxI/nUDvQHVzoJ78LVQCndkWig=="
        },
        "source-map": {
            "version": "0.7.3",
            "resolved": "https://registry.npmjs.org/source-map/-/source-map-0.7.3.tgz",
            "integrity": "sha512-CkCj6giN3S+n9qrYiBTX5gystlENnRW5jZeNLHpe6aue+SrHcG5VYwujhW9s4dY31mEGsxBDrHR6oI69fTXsaQ==",
            "dev": true
        },
        "source-map-support": {
            "version": "0.5.19",
            "resolved": "https://registry.npmjs.org/source-map-support/-/source-map-support-0.5.19.tgz",
            "integrity": "sha512-Wonm7zOCIJzBGQdB+thsPar0kYuCIzYvxZwlBa87yi/Mdjv7Tip2cyVbLj5o0cFPN4EVkuTwb3GDDyUx2DGnGw==",
            "dev": true,
            "requires": {
                "buffer-from": "^1.0.0",
                "source-map": "^0.6.0"
            },
            "dependencies": {
                "source-map": {
                    "version": "0.6.1",
                    "resolved": "https://registry.npmjs.org/source-map/-/source-map-0.6.1.tgz",
                    "integrity": "sha512-UjgapumWlbMhkBgzT7Ykc5YXUT46F0iKu8SGXq0bcwP5dz/h0Plj6enJqjz1Zbq2l5WaqYnrVbwWOWMyF3F47g==",
                    "dev": true
                }
            }
        },
        "terser": {
            "version": "5.7.0",
            "resolved": "https://registry.npmjs.org/terser/-/terser-5.7.0.tgz",
            "integrity": "sha512-HP5/9hp2UaZt5fYkuhNBR8YyRcT8juw8+uFbAme53iN9hblvKnLUTKkmwJG6ocWpIKf8UK4DoeWG4ty0J6S6/g==",
            "dev": true,
            "requires": {
                "commander": "^2.20.0",
                "source-map": "~0.7.2",
                "source-map-support": "~0.5.19"
            }
        },
        "typescript": {
            "version": "4.2.4",
            "resolved": "https://registry.npmjs.org/typescript/-/typescript-4.2.4.tgz",
            "integrity": "sha512-V+evlYHZnQkaz8TRBuxTA92yZBPotr5H+WhQ7bD3hZUndx5tGOa1fuCgeSjxAzM1RiN5IzvadIXTVefuuwZCRg==",
            "dev": true
        }
    }
}
